
Microsoft Visual Studio Solution File, Format Version 12.00
# Visual Studio Version 17
VisualStudioVersion = 17.3.32819.101
MinimumVisualStudioVersion = 10.0.40219.1
Project("{FAE04EC0-301F-11D3-BF4B-00C04F79EFBC}") = "Homework12", "Homework12\Homework12.csproj", "{1B972BA3-DE42-4AE8-99C8-DD4BEEB045ED}"
EndProject
Global
	GlobalSection(SolutionConfigurationPlatforms) = preSolution
		Debug|Any CPU = Debug|Any CPU
		Release|Any CPU = Release|Any CPU
	EndGlobalSection
	GlobalSection(ProjectConfigurationPlatforms) = postSolution
		{1B972BA3-DE42-4AE8-99C8-DD4BEEB045ED}.Debug|Any CPU.ActiveCfg = Debug|Any CPU
		{1B972BA3-DE42-4AE8-99C8-DD4BEEB045ED}.Debug|Any CPU.Build.0 = Debug|Any CPU
		{1B972BA3-DE42-4AE8-99C8-DD4BEEB045ED}.Release|Any CPU.ActiveCfg = Release|Any CPU
		{1B972BA3-DE42-4AE8-99C8-DD4BEEB045ED}.Release|Any CPU.Build.0 = Release|Any CPU
	EndGlobalSection
	GlobalSection(SolutionProperties) = preSolution
		HideSolutionNode = FALSE
	EndGlobalSection
	GlobalSection(ExtensibilityGlobals) = postSolution
		SolutionGuid = {2C98D5FF-F625-46D4-8085-BA36526B2973}
	EndGlobalSection
EndGlobal
